
Microsoft Visual Studio Solution File, Format Version 12.00
# Visual Studio Version 17
VisualStudioVersion = 17.8.34322.80
MinimumVisualStudioVersion = 10.0.40219.1
Project("{FAE04EC0-301F-11D3-BF4B-00C04F79EFBC}") = "EventMiWorkshopMVC.Web", "EventMiWorkshopMVC.Web\EventMiWorkshopMVC.Web.csproj", "{FA5ED5E7-F18E-40AA-B1E3-AE1CAE731260}"
EndProject
Global
	GlobalSection(SolutionConfigurationPlatforms) = preSolution
		Debug|Any CPU = Debug|Any CPU
		Release|Any CPU = Release|Any CPU
	EndGlobalSection
	GlobalSection(ProjectConfigurationPlatforms) = postSolution
		{FA5ED5E7-F18E-40AA-B1E3-AE1CAE731260}.Debug|Any CPU.ActiveCfg = Debug|Any CPU
		{FA5ED5E7-F18E-40AA-B1E3-AE1CAE731260}.Debug|Any CPU.Build.0 = Debug|Any CPU
		{FA5ED5E7-F18E-40AA-B1E3-AE1CAE731260}.Release|Any CPU.ActiveCfg = Release|Any CPU
		{FA5ED5E7-F18E-40AA-B1E3-AE1CAE731260}.Release|Any CPU.Build.0 = Release|Any CPU
	EndGlobalSection
	GlobalSection(SolutionProperties) = preSolution
		HideSolutionNode = FALSE
	EndGlobalSection
	GlobalSection(ExtensibilityGlobals) = postSolution
		SolutionGuid = {4E870BE4-5D25-4815-9824-AADA3865D73B}
	EndGlobalSection
EndGlobal
